
Microsoft Visual Studio Solution File, Format Version 12.00
# Visual Studio Version 17
VisualStudioVersion = 17.5.002.0
MinimumVisualStudioVersion = 10.0.40219.1
Project("{9A19103F-16F7-4668-BE54-9A1E7A4F7556}") = "sistema_de_hospedagem_simples", "sistema_de_hospedagem_simples.csproj", "{8CF7E551-9FE9-4295-9A80-D18B8D9956FE}"
EndProject
Global
	GlobalSection(SolutionConfigurationPlatforms) = preSolution
		Debug|Any CPU = Debug|Any CPU
		Release|Any CPU = Release|Any CPU
	EndGlobalSection
	GlobalSection(ProjectConfigurationPlatforms) = postSolution
		{8CF7E551-9FE9-4295-9A80-D18B8D9956FE}.Debug|Any CPU.ActiveCfg = Debug|Any CPU
		{8CF7E551-9FE9-4295-9A80-D18B8D9956FE}.Debug|Any CPU.Build.0 = Debug|Any CPU
		{8CF7E551-9FE9-4295-9A80-D18B8D9956FE}.Release|Any CPU.ActiveCfg = Release|Any CPU
		{8CF7E551-9FE9-4295-9A80-D18B8D9956FE}.Release|Any CPU.Build.0 = Release|Any CPU
	EndGlobalSection
	GlobalSection(SolutionProperties) = preSolution
		HideSolutionNode = FALSE
	EndGlobalSection
	GlobalSection(ExtensibilityGlobals) = postSolution
		SolutionGuid = {55287B2B-994D-4A04-B92F-CC060AAD1CE3}
	EndGlobalSection
EndGlobal
